
Microsoft Visual Studio Solution File, Format Version 12.00
# Visual Studio Version 17
VisualStudioVersion = 17.7.34202.233
MinimumVisualStudioVersion = 10.0.40219.1
Project("{9A19103F-16F7-4668-BE54-9A1E7A4F7556}") = "Day1", "Day1\Day1.csproj", "{F232B348-6775-4E65-BE6A-AE0D9853E71E}"
EndProject
Project("{9A19103F-16F7-4668-BE54-9A1E7A4F7556}") = "Day2", "Day2\Day2.csproj", "{D75987C7-5834-4AE4-A933-2F982A441DF9}"
EndProject
Project("{FAE04EC0-301F-11D3-BF4B-00C04F79EFBC}") = "Day3", "Day3\Day3.csproj", "{007F0142-DA86-4B97-8C64-E9D93173E903}"
EndProject
Global
	GlobalSection(SolutionConfigurationPlatforms) = preSolution
		Debug|Any CPU = Debug|Any CPU
		Release|Any CPU = Release|Any CPU
	EndGlobalSection
	GlobalSection(ProjectConfigurationPlatforms) = postSolution
		{F232B348-6775-4E65-BE6A-AE0D9853E71E}.Debug|Any CPU.ActiveCfg = Debug|Any CPU
		{F232B348-6775-4E65-BE6A-AE0D9853E71E}.Debug|Any CPU.Build.0 = Debug|Any CPU
		{F232B348-6775-4E65-BE6A-AE0D9853E71E}.Release|Any CPU.ActiveCfg = Release|Any CPU
		{F232B348-6775-4E65-BE6A-AE0D9853E71E}.Release|Any CPU.Build.0 = Release|Any CPU
		{D75987C7-5834-4AE4-A933-2F982A441DF9}.Debug|Any CPU.ActiveCfg = Debug|Any CPU
		{D75987C7-5834-4AE4-A933-2F982A441DF9}.Debug|Any CPU.Build.0 = Debug|Any CPU
		{D75987C7-5834-4AE4-A933-2F982A441DF9}.Release|Any CPU.ActiveCfg = Release|Any CPU
		{D75987C7-5834-4AE4-A933-2F982A441DF9}.Release|Any CPU.Build.0 = Release|Any CPU
		{007F0142-DA86-4B97-8C64-E9D93173E903}.Debug|Any CPU.ActiveCfg = Debug|Any CPU
		{007F0142-DA86-4B97-8C64-E9D93173E903}.Debug|Any CPU.Build.0 = Debug|Any CPU
		{007F0142-DA86-4B97-8C64-E9D93173E903}.Release|Any CPU.ActiveCfg = Release|Any CPU
		{007F0142-DA86-4B97-8C64-E9D93173E903}.Release|Any CPU.Build.0 = Release|Any CPU
	EndGlobalSection
	GlobalSection(SolutionProperties) = preSolution
		HideSolutionNode = FALSE
	EndGlobalSection
	GlobalSection(ExtensibilityGlobals) = postSolution
		SolutionGuid = {A266FF5D-7DB0-425D-87E0-F342B4BFDC7F}
	EndGlobalSection
EndGlobal
